{
  "requires": true,
  "lockfileVersion": 1,
  "dependencies": {
    "@authentic/mwc-base": {
      "version": "0.3.33",
      "resolved": "https://registry.npmjs.org/@authentic/mwc-base/-/mwc-base-0.3.33.tgz",
      "integrity": "sha512-tvKWNFwfPmTN/1gLLllU3/UF37T0/GEiJ77YDtHaE9ZB3e97ZmZugzUhAQZ/f35bTgV53dmv/yH11Awd7a7nAg==",
      "requires": {
        "lit-element": "^2.0.1",
        "lit-html": "^1.0.0"
      },
      "dependencies": {
        "lit-element": {
          "version": "2.0.1",
          "resolved": "https://registry.npmjs.org/lit-element/-/lit-element-2.0.1.tgz",
          "integrity": "sha512-2bu3B2ZYUZgntvOgu3i5mRK8geo45CLUwxwJEYK54hyednoJasjiTZPB13NBg1D+hNM2JfmWTWJnh1QEUQv7zw==",
          "requires": {
            "lit-html": "^1.0.0"
          }
        },
        "lit-html": {
          "version": "1.0.0",
          "resolved": "https://registry.npmjs.org/lit-html/-/lit-html-1.0.0.tgz",
          "integrity": "sha512-oeWlpLmBW3gFl7979Wol2LKITpmKTUFNn7PnFbh6YNynF61W74l6x5WhwItAwPRSATpexaX1egNnRzlN4GOtfQ=="
        }
      }
    },
    "@authentic/mwc-top-app-bar": {
      "version": "0.3.33",
      "resolved": "https://registry.npmjs.org/@authentic/mwc-top-app-bar/-/mwc-top-app-bar-0.3.33.tgz",
      "integrity": "sha512-8rUL4y3/xJgLpxRoMA78PG3t+CvjaliYyVJEP5MyevlkS5x5yVpvkWtWp0coYEccMbS43KNkVMDvM4cZ5E8d3g==",
      "requires": {
        "@authentic/mwc-base": "^0.3.33",
        "@material/top-app-bar": "^0.44.0"
      }
    },
    "@material/animation": {
      "version": "0.41.0",
      "resolved": "https://registry.npmjs.org/@material/animation/-/animation-0.41.0.tgz",
      "integrity": "sha512-yYAwJbX3Q2AFd4dr6IYOsWLQy2HN8zWOFVl9AbUXunjzTfJCa/ecfXCriaT6qkmoNoHeTdJHRrsQJZC5GsPvzA=="
    },
    "@material/base": {
      "version": "0.41.0",
      "resolved": "https://registry.npmjs.org/@material/base/-/base-0.41.0.tgz",
      "integrity": "sha512-tEyzwBRu3d1H120SfKsDVYZHcqT5lKohh/7cWKR93aAaPDkSvjpKJIjyu2yuSkjpDduVZGzVocYbOvhUKhhzXQ=="
    },
    "@material/elevation": {
      "version": "0.44.1",
      "resolved": "https://registry.npmjs.org/@material/elevation/-/elevation-0.44.1.tgz",
      "integrity": "sha512-Gr2x/FHysM4ty7sctLPT48pw7YItLZvhXsB4ZzXpdhuy7QshxllBW9NGlAMffzrmNu16MTl3ouGzbhArUYz4jw==",
      "requires": {
        "@material/animation": "^0.41.0",
        "@material/feature-targeting": "^0.44.1",
        "@material/theme": "^0.43.0"
      }
    },
    "@material/feature-targeting": {
      "version": "0.44.1",
      "resolved": "https://registry.npmjs.org/@material/feature-targeting/-/feature-targeting-0.44.1.tgz",
      "integrity": "sha512-90cc7njn4aHbH9UxY8qgZth1W5JgOgcEdWdubH1t7sFkwqFxS5g3zgxSBt46TygFBVIXNZNq35Xmg80wgqO7Pg=="
    },
    "@material/mwc-base": {
      "version": "0.3.6",
      "resolved": "https://registry.npmjs.org/@material/mwc-base/-/mwc-base-0.3.6.tgz",
      "integrity": "sha512-DVwsTJYCMSgIXzh7yGdn0CW11qz7/QaimPGbQ1jo4zyV/aizbetpKwFlkJj9Ut45/cCqZMlXIU2valjoO0dU8g==",
      "requires": {
        "lit-element": "^2.0.0-rc.2",
        "lit-html": "^1.0.0-rc.2"
      }
    },
    "@material/mwc-icon": {
      "version": "0.3.6",
      "resolved": "https://registry.npmjs.org/@material/mwc-icon/-/mwc-icon-0.3.6.tgz",
      "integrity": "sha512-ssdZSY1z2i9n974iXZiy26wZzMAd4/LkPCbHtpUAOqxWLq+8r3djmPuoKhIdiI4YCarpBOpgm8HQEuHdvClkGw==",
      "requires": {
        "@material/mwc-base": "^0.3.6"
      }
    },
    "@material/ripple": {
      "version": "0.44.1",
      "resolved": "https://registry.npmjs.org/@material/ripple/-/ripple-0.44.1.tgz",
      "integrity": "sha512-prJ1p3bR+GvwAtJgtdeIixsnRVApN3bizGnX7upKoqxsqbBDHj84JxaO8EsG9bjruG/LJu8Fb6WKKdIp2oXHTA==",
      "requires": {
        "@material/animation": "^0.41.0",
        "@material/base": "^0.41.0",
        "@material/feature-targeting": "^0.44.1",
        "@material/theme": "^0.43.0"
      }
    },
    "@material/rtl": {
      "version": "0.42.0",
      "resolved": "https://registry.npmjs.org/@material/rtl/-/rtl-0.42.0.tgz",
      "integrity": "sha512-VrnrKJzhmspsN8WXHuxxBZ69yM5IwhCUqWr1t1eNfw3ZEvEj7i1g3P31HGowKThIN1dc1Wh4LE14rCISWCtv5w=="
    },
    "@material/shape": {
      "version": "0.44.1",
      "resolved": "https://registry.npmjs.org/@material/shape/-/shape-0.44.1.tgz",
      "integrity": "sha512-8mCDQmyTEhDK+HX8Tap2Lc82QlVySlXU8zDCNkWoIn1ge+UnRezSDjE4y4P1ABegN5PrkJZPartuQ1U0ttIYXw==",
      "requires": {
        "@material/feature-targeting": "^0.44.1"
      }
    },
    "@material/theme": {
      "version": "0.43.0",
      "resolved": "https://registry.npmjs.org/@material/theme/-/theme-0.43.0.tgz",
      "integrity": "sha512-/zndZL6EihI18v2mYd4O8xvOBAAXmLeHyHVK28LozSAaJ9okQgD25wq5Ktk95oMTmPIC+rH66KcK6371ivNk8g=="
    },
    "@material/top-app-bar": {
      "version": "0.44.1",
      "resolved": "https://registry.npmjs.org/@material/top-app-bar/-/top-app-bar-0.44.1.tgz",
      "integrity": "sha512-RyRfKEO8qoOmrxoFPFgX3msM+TfFKHPgxRPVnaffIcQzi/0ALeB6qFcxGphZxAeK+/8q+kaNtDhBb9ay12VAIA==",
      "requires": {
        "@material/animation": "^0.41.0",
        "@material/base": "^0.41.0",
        "@material/elevation": "^0.44.1",
        "@material/ripple": "^0.44.1",
        "@material/rtl": "^0.42.0",
        "@material/shape": "^0.44.1",
        "@material/theme": "^0.43.0",
        "@material/typography": "^0.44.1"
      }
    },
    "@material/typography": {
      "version": "0.44.1",
      "resolved": "https://registry.npmjs.org/@material/typography/-/typography-0.44.1.tgz",
      "integrity": "sha512-wMXHusg+Lp5Fdgoj3m0c+Lt6GCeGSh3EPRtQ1TQ2bwdBa0et2FqBaQRgXoq3tVmr0O/7unTfa0DoXlh4nVp1wA==",
      "requires": {
        "@material/feature-targeting": "^0.44.1"
      }
    },
    "lit-element": {
      "version": "2.0.0-rc.5",
      "resolved": "https://registry.npmjs.org/lit-element/-/lit-element-2.0.0-rc.5.tgz",
      "integrity": "sha512-cMmWNWSFyYfXAd09bnqFhqDr5kuR/5guImD5ZRTk223EiBJaoo7naZnQngSYAMjgDn1CSbTE1LRtzviMS+g0RA==",
      "requires": {
        "lit-html": "^1.0.0-rc.2"
      }
    },
    "lit-html": {
      "version": "1.0.0-rc.2",
      "resolved": "https://registry.npmjs.org/lit-html/-/lit-html-1.0.0-rc.2.tgz",
      "integrity": "sha512-4bq34lhVmwWly1zBXicOBJLOwaWfjOVbchEEmFnZLuztxjh5wRd2WqV0URX8Q47MQ7PaIjn/eXyTRKsYhSAeRw=="
    }
  }
}
